PODS:
  - PINCache (3.0.1-beta.4):
    - PINCache/Arc-exception-safe (= 3.0.1-beta.4)
    - PINCache/Core (= 3.0.1-beta.4)
  - PINCache/Arc-exception-safe (3.0.1-beta.4):
    - PINCache/Core
  - PINCache/Core (3.0.1-beta.4):
    - PINOperation (= 1.0.3)
  - PINOperation (1.0.3)
  - PINRemoteImage/Core (3.0.0-beta.9):
    - PINOperation
  - PINRemoteImage/iOS (3.0.0-beta.9):
    - PINRemoteImage/Core
  - PINRemoteImage/PINCache (3.0.0-beta.9):
    - PINCache (= 3.0.1-beta.4)
    - PINRemoteImage/Core
  - Texture (2.3.3):
    - Texture/PINRemoteImage (= 2.3.3)
  - Texture/Core (2.3.3)
  - Texture/PINRemoteImage (2.3.3):
    - PINRemoteImage/iOS (= 3.0.0-beta.9)
    - PINRemoteImage/PINCache
    - Texture/Core
  - TextureSwiftHelpers (0.2.0):
    - Texture (~> 2.0)

DEPENDENCIES:
  - TextureSwiftHelpers (from `../`)

EXTERNAL SOURCES:
  TextureSwiftHelpers:
    :path: "../"

SPEC CHECKSUMS:
  PINCache: a89c8f609232afac77128557bd12c861844423d7
  PINOperation: ac23db44796d4a564ecf9b5ea7163510f579b71d
  PINRemoteImage: e4e02e15a6f96cedbcef2abf1c9c1228dc9897d7
  Texture: e01a363c2b6567e1ff27a878995e0d271fbb424c
  TextureSwiftHelpers: ab364c70609a5f3d09b46dce249a75f88f4d00ac

PODFILE CHECKSUM: a6501284d419c14e8e67d96395fae71edab7cab1

COCOAPODS: 1.2.1
